
Microsoft Visual Studio Solution File, Format Version 12.00
# Visual Studio 15
VisualStudioVersion = 15.0.28307.572
MinimumVisualStudioVersion = 10.0.40219.1
Project("{FAE04EC0-301F-11D3-BF4B-00C04F79EFBC}") = "CertificateUtils", "CertificateUtils\CertificateUtils.csproj", "{D316067F-E09A-4384-B36B-341D3B7DCD27}"
EndProject
Project("{FAE04EC0-301F-11D3-BF4B-00C04F79EFBC}") = "TestProject", "TestProject\TestProject.csproj", "{C797E852-94A4-419A-8D34-2054214AEFEB}"
EndProject
Global
	GlobalSection(SolutionConfigurationPlatforms) = preSolution
		Debug|Any CPU = Debug|Any CPU
		Release|Any CPU = Release|Any CPU
	EndGlobalSection
	GlobalSection(ProjectConfigurationPlatforms) = postSolution
		{D316067F-E09A-4384-B36B-341D3B7DCD27}.Debug|Any CPU.ActiveCfg = Debug|Any CPU
		{D316067F-E09A-4384-B36B-341D3B7DCD27}.Debug|Any CPU.Build.0 = Debug|Any CPU
		{D316067F-E09A-4384-B36B-341D3B7DCD27}.Release|Any CPU.ActiveCfg = Release|Any CPU
		{D316067F-E09A-4384-B36B-341D3B7DCD27}.Release|Any CPU.Build.0 = Release|Any CPU
		{C797E852-94A4-419A-8D34-2054214AEFEB}.Debug|Any CPU.ActiveCfg = Debug|Any CPU
		{C797E852-94A4-419A-8D34-2054214AEFEB}.Debug|Any CPU.Build.0 = Debug|Any CPU
		{C797E852-94A4-419A-8D34-2054214AEFEB}.Release|Any CPU.ActiveCfg = Release|Any CPU
		{C797E852-94A4-419A-8D34-2054214AEFEB}.Release|Any CPU.Build.0 = Release|Any CPU
	EndGlobalSection
	GlobalSection(SolutionProperties) = preSolution
		HideSolutionNode = FALSE
	EndGlobalSection
	GlobalSection(ExtensibilityGlobals) = postSolution
		SolutionGuid = {D7774323-8923-4390-AF1D-A30CE5ACF556}
	EndGlobalSection
EndGlobal
